{
  "name": "workspace-hites",
  "version": "1.0.0",
  "lockfileVersion": 2,
  "requires": true,
  "packages": {
    "": {
      "name": "workspace-hites",
      "version": "1.0.0",
      "dependencies": {
        "@dataform/core": "^3.0.0"
      }
    },
    "node_modules/@dataform/core": {
      "version": "3.0.30",
      "resolved": "https://registry.npmjs.org/@dataform/core/-/core-3.0.30.tgz",
      "integrity": "sha512-N8Wkyju1YisoUuET6UYPTdTBzIvugm7+r8WjWISCllCwiQj6dNIU3kDlA7AmuiC0rpxpbbX22HiIeEFIOSKAAg=="
    }
  },
  "dependencies": {
    "@dataform/core": {
      "version": "3.0.30",
      "resolved": "https://registry.npmjs.org/@dataform/core/-/core-3.0.30.tgz",
      "integrity": "sha512-N8Wkyju1YisoUuET6UYPTdTBzIvugm7+r8WjWISCllCwiQj6dNIU3kDlA7AmuiC0rpxpbbX22HiIeEFIOSKAAg=="
    }
  }
}
